{
  "originHash" : "3fe2581c1d064fca76df543373ae6ff71437b0f1b1423cb0d8f024c597ccea08",
  "pins" : [
    {
      "identity" : "swift-argument-parser",
      "kind" : "remoteSourceControl",
      "location" : "https://github.com/apple/swift-argument-parser",
      "state" : {
        "revision" : "41982a3656a71c768319979febd796c6fd111d5c",
        "version" : "1.5.0"
      }
    },
    {
      "identity" : "swift-async-operations",
      "kind" : "remoteSourceControl",
      "location" : "https://github.com/mtj0928/swift-async-operations",
      "state" : {
        "revision" : "af209583c5d25f80b3c95b2b7424cc339fa2879d",
        "version" : "0.2.2"
      }
    },
    {
      "identity" : "zipfoundation",
      "kind" : "remoteSourceControl",
      "location" : "https://github.com/weichsel/ZIPFoundation",
      "state" : {
        "revision" : "02b6abe5f6eef7e3cbd5f247c5cc24e246efcfe0",
        "version" : "0.9.19"
      }
    }
  ],
  "version" : 3
}
